
Microsoft Visual Studio Solution File, Format Version 12.00
# Visual Studio Version 16
VisualStudioVersion = 16.0.31515.178
MinimumVisualStudioVersion = 10.0.40219.1
Project("{888888A0-9F3D-457C-B088-3A5042F75D52}") = "GuessingGame", "GuessingGame.pyproj", "{1E1F167A-8262-48EA-AD50-F5B5C611C7E0}"
EndProject
Global
	GlobalSection(SolutionConfigurationPlatforms) = preSolution
		Debug|Any CPU = Debug|Any CPU
		Release|Any CPU = Release|Any CPU
	EndGlobalSection
	GlobalSection(ProjectConfigurationPlatforms) = postSolution
		{1E1F167A-8262-48EA-AD50-F5B5C611C7E0}.Debug|Any CPU.ActiveCfg = Debug|Any CPU
		{1E1F167A-8262-48EA-AD50-F5B5C611C7E0}.Release|Any CPU.ActiveCfg = Release|Any CPU
	EndGlobalSection
	GlobalSection(SolutionProperties) = preSolution
		HideSolutionNode = FALSE
	EndGlobalSection
	GlobalSection(ExtensibilityGlobals) = postSolution
		SolutionGuid = {F3B7ADD7-0201-4996-80D6-C3C85B1178C2}
	EndGlobalSection
EndGlobal
